// !$*UTF8*$!
{
	archiveVersion = 1;
	classes = {
	};
	objectVersion = 48;
	objects = {

/* Begin PBXBuildFile section */
		4B2AB4E21FF46FF70054A00C /* AppDelegate.swift in Sources */ = {isa = PBXBuildFile; fileRef = 4B2AB4E11FF46FF70054A00C /* AppDelegate.swift */; };
		4B2AB4E41FF46FF70054A00C /* ViewController.swift in Sources */ = {isa = PBXBuildFile; fileRef = 4B2AB4E31FF46FF70054A00C /* ViewController.swift */; };
		4B2AB4E71FF46FF70054A00C /* Main.storyboard in Resources */ = {isa = PBXBuildFile; fileRef = 4B2AB4E51FF46FF70054A00C /* Main.storyboard */; };
		4B2AB4E91FF46FF70054A00C /* Assets.xcassets in Resources */ = {isa = PBXBuildFile; fileRef = 4B2AB4E81FF46FF70054A00C /* Assets.xcassets */; };
		4B2AB4EC1FF46FF70054A00C /* LaunchScreen.storyboard in Resources */ = {isa = PBXBuildFile; fileRef = 4B2AB4EA1FF46FF70054A00C /* LaunchScreen.storyboard */; };
		4B2AB4F71FF46FF70054A00C /* TipCalTests.swift in Sources */ = {isa = PBXBuildFile; fileRef = 4B2AB4F61FF46FF70054A00C /* TipCalTests.swift */; };
		4B2AB5021FF46FF70054A00C /* TipCalUITests.swift in Sources */ = {isa = PBXBuildFile; fileRef = 4B2AB5011FF46FF70054A00C /* TipCalUITests.swift */; };
/* End PBXBuildFile section */

/* Begin PBXContainerItemProxy section */
		4B2AB4F31FF46FF70054A00C /* PBXContainerItemProxy */ = {
			isa = PBXContainerItemProxy;
			containerPortal = 4B2AB4D61FF46FF70054A00C /* Project object */;
			proxyType = 1;
			remoteGlobalIDString = 4B2AB4DD1FF46FF70054A00C;
			remoteInfo = TipCal;
		};
		4B2AB4FE1FF46FF70054A00C /* PBXContainerItemProxy */ = {
			isa = PBXContainerItemProxy;
			containerPortal = 4B2AB4D61FF46FF70054A00C /* Project object */;
			proxyType = 1;
			remoteGlobalIDString = 4B2AB4DD1FF46FF70054A00C;
			remoteInfo = TipCal;
		};
/* End PBXContainerItemProxy section */

/* Begin PBXFileReference section */
		4B2AB4DE1FF46FF70054A00C /* TipCal.app */ = {isa = PBXFileReference; explicitFileType = wrapper.application; includeInIndex = 0; path = TipCal.app; sourceTree = BUILT_PRODUCTS_DIR; };
		4B2AB4E11FF46FF70054A00C /* AppDelegate.swift */ = {isa = PBXFileReference; lastKnownFileType = sourcecode.swift; path = AppDelegate.swift; sourceTree = "<group>"; };
		4B2AB4E31FF46FF70054A00C /* ViewController.swift */ = {isa = PBXFileReference; lastKnownFileType = sourcecode.swift; path = ViewController.swift; sourceTree = "<group>"; };
		4B2AB4E61FF46FF70054A00C /* Base */ = {isa = PBXFileReference; lastKnownFileType = file.storyboard; name = Base; path = Base.lproj/Main.storyboard; sourceTree = "<group>"; };
		4B2AB4E81FF46FF70054A00C /* Assets.xcassets */ = {isa = PBXFileReference; lastKnownFileType = folder.assetcatalog; path = Assets.xcassets; sourceTree = "<group>"; };
		4B2AB4EB1FF46FF70054A00C /* Base */ = {isa = PBXFileReference; lastKnownFileType = file.storyboard; name = Base; path = Base.lproj/LaunchScreen.storyboard; sourceTree = "<group>"; };
		4B2AB4ED1FF46FF70054A00C /* Info.plist */ = {isa = PBXFileReference; lastKnownFileType = text.plist.xml; path = Info.plist; sourceTree = "<group>"; };
		4B2AB4F21FF46FF70054A00C /* TipCalTests.xctest */ = {isa = PBXFileReference; explicitFileType = wrapper.cfbundle; includeInIndex = 0; path = TipCalTests.xctest; sourceTree = BUILT_PRODUCTS_DIR; };
		4B2AB4F61FF46FF70054A00C /* TipCalTests.swift */ = {isa = PBXFileReference; lastKnownFileType = sourcecode.swift; path = TipCalTests.swift; sourceTree = "<group>"; };
		4B2AB4F81FF46FF70054A00C /* Info.plist */ = {isa = PBXFileReference; lastKnownFileType = text.plist.xml; path = Info.plist; sourceTree = "<group>"; };
		4B2AB4FD1FF46FF70054A00C /* TipCalUITests.xctest */ = {isa = PBXFileReference; explicitFileType = wrapper.cfbundle; includeInIndex = 0; path = TipCalUITests.xctest; sourceTree = BUILT_PRODUCTS_DIR; };
		4B2AB5011FF46FF70054A00C /* TipCalUITests.swift */ = {isa = PBXFileReference; lastKnownFileType = sourcecode.swift; path = TipCalUITests.swift; sourceTree = "<group>"; };
		4B2AB5031FF46FF70054A00C /* Info.plist */ = {isa = PBXFileReference; lastKnownFileType = text.plist.xml; path = Info.plist; sourceTree = "<group>"; };
/* End PBXFileReference section */

/* Begin PBXFrameworksBuildPhase section */
		4B2AB4DB1FF46FF70054A00C /* Frameworks */ = {
			isa = PBXFrameworksBuildPhase;
			buildActionMask = 2147483647;
			files = (
			);
			runOnlyForDeploymentPostprocessing = 0;
		};
		4B2AB4EF1FF46FF70054A00C /* Frameworks */ = {
			isa = PBXFrameworksBuildPhase;
			buildActionMask = 2147483647;
			files = (
			);
			runOnlyForDeploymentPostprocessing = 0;
		};
		4B2AB4FA1FF46FF70054A00C /* Frameworks */ = {
			isa = PBXFrameworksBuildPhase;
			buildActionMask = 2147483647;
			files = (
			);
			runOnlyForDeploymentPostprocessing = 0;
		};
/* End PBXFrameworksBuildPhase section */

/* Begin PBXGroup section */
		4B2AB4D51FF46FF70054A00C = {
			isa = PBXGroup;
			children = (
				4B2AB4E01FF46FF70054A00C /* TipCal */,
				4B2AB4F51FF46FF70054A00C /* TipCalTests */,
				4B2AB5001FF46FF70054A00C /* TipCalUITests */,
				4B2AB4DF1FF46FF70054A00C /* Products */,
			);
			sourceTree = "<group>";
		};
		4B2AB4DF1FF46FF70054A00C /* Products */ = {
			isa = PBXGroup;
			children = (
				4B2AB4DE1FF46FF70054A00C /* TipCal.app */,
				4B2AB4F21FF46FF70054A00C /* TipCalTests.xctest */,
				4B2AB4FD1FF46FF70054A00C /* TipCalUITests.xctest */,
			);
			name = Products;
			sourceTree = "<group>";
		};
		4B2AB4E01FF46FF70054A00C /* TipCal */ = {
			isa = PBXGroup;
			children = (
				4B2AB4E11FF46FF70054A00C /* AppDelegate.swift */,
				4B2AB4E31FF46FF70054A00C /* ViewController.swift */,
				4B2AB4E51FF46FF70054A00C /* Main.storyboard */,
				4B2AB4E81FF46FF70054A00C /* Assets.xcassets */,
				4B2AB4EA1FF46FF70054A00C /* LaunchScreen.storyboard */,
				4B2AB4ED1FF46FF70054A00C /* Info.plist */,
			);
			path = TipCal;
			sourceTree = "<group>";
		};
		4B2AB4F51FF46FF70054A00C /* TipCalTests */ = {
			isa = PBXGroup;
			children = (
				4B2AB4F61FF46FF70054A00C /* TipCalTests.swift */,
				4B2AB4F81FF46FF70054A00C /* Info.plist */,
			);
			path = TipCalTests;
			sourceTree = "<group>";
		};
		4B2AB5001FF46FF70054A00C /* TipCalUITests */ = {
			isa = PBXGroup;
			children = (
				4B2AB5011FF46FF70054A00C /* TipCalUITests.swift */,
				4B2AB5031FF46FF70054A00C /* Info.plist */,
			);
			path = TipCalUITests;
			sourceTree = "<group>";
		};
/* End PBXGroup section */

/* Begin PBXNativeTarget section */
		4B2AB4DD1FF46FF70054A00C /* TipCal */ = {
			isa = PBXNativeTarget;
			buildConfigurationList = 4B2AB5061FF46FF70054A00C /* Build configuration list for PBXNativeTarget "TipCal" */;
			buildPhases = (
				4B2AB4DA1FF46FF70054A00C /* Sources */,
				4B2AB4DB1FF46FF70054A00C /* Frameworks */,
				4B2AB4DC1FF46FF70054A00C /* Resources */,
			);
			buildRules = (
			);
			dependencies = (
			);
			name = TipCal;
			productName = TipCal;
			productReference = 4B2AB4DE1FF46FF70054A00C /* TipCal.app */;
			productType = "com.apple.product-type.application";
		};
		4B2AB4F11FF46FF70054A00C /* TipCalTests */ = {
			isa = PBXNativeTarget;
			buildConfigurationList = 4B2AB5091FF46FF70054A00C /* Build configuration list for PBXNativeTarget "TipCalTests" */;
			buildPhases = (
				4B2AB4EE1FF46FF70054A00C /* Sources */,
				4B2AB4EF1FF46FF70054A00C /* Frameworks */,
				4B2AB4F01FF46FF70054A00C /* Resources */,
			);
			buildRules = (
			);
			dependencies = (
				4B2AB4F41FF46FF70054A00C /* PBXTargetDependency */,
			);
			name = TipCalTests;
			productName = TipCalTests;
			productReference = 4B2AB4F21FF46FF70054A00C /* TipCalTests.xctest */;
			productType = "com.apple.product-type.bundle.unit-test";
		};
		4B2AB4FC1FF46FF70054A00C /* TipCalUITests */ = {
			isa = PBXNativeTarget;
			buildConfigurationList = 4B2AB50C1FF46FF70054A00C /* Build configuration list for PBXNativeTarget "TipCalUITests" */;
			buildPhases = (
				4B2AB4F91FF46FF70054A00C /* Sources */,
				4B2AB4FA1FF46FF70054A00C /* Frameworks */,
				4B2AB4FB1FF46FF70054A00C /* Resources */,
			);
			buildRules = (
			);
			dependencies = (
				4B2AB4FF1FF46FF70054A00C /* PBXTargetDependency */,
			);
			name = TipCalUITests;
			productName = TipCalUITests;
			productReference = 4B2AB4FD1FF46FF70054A00C /* TipCalUITests.xctest */;
			productType = "com.apple.product-type.bundle.ui-testing";
		};
/* End PBXNativeTarget section */

/* Begin PBXProject section */
		4B2AB4D61FF46FF70054A00C /* Project object */ = {
			isa = PBXProject;
			attributes = {
				LastSwiftUpdateCheck = 0920;
				LastUpgradeCheck = 0920;
				ORGANIZATIONNAME = "Christian Ogbeifun";
				TargetAttributes = {
					4B2AB4DD1FF46FF70054A00C = {
						CreatedOnToolsVersion = 9.2;
						ProvisioningStyle = Automatic;
					};
					4B2AB4F11FF46FF70054A00C = {
						CreatedOnToolsVersion = 9.2;
						ProvisioningStyle = Automatic;
						TestTargetID = 4B2AB4DD1FF46FF70054A00C;
					};
					4B2AB4FC1FF46FF70054A00C = {
						CreatedOnToolsVersion = 9.2;
						ProvisioningStyle = Automatic;
						TestTargetID = 4B2AB4DD1FF46FF70054A00C;
					};
				};
			};
			buildConfigurationList = 4B2AB4D91FF46FF70054A00C /* Build configuration list for PBXProject "TipCal" */;
			compatibilityVersion = "Xcode 8.0";
			developmentRegion = en;
			hasScannedForEncodings = 0;
			knownRegions = (
				en,
				Base,
			);
			mainGroup = 4B2AB4D51FF46FF70054A00C;
			productRefGroup = 4B2AB4DF1FF46FF70054A00C /* Products */;
			projectDirPath = "";
			projectRoot = "";
			targets = (
				4B2AB4DD1FF46FF70054A00C /* TipCal */,
				4B2AB4F11FF46FF70054A00C /* TipCalTests */,
				4B2AB4FC1FF46FF70054A00C /* TipCalUITests */,
			);
		};
/* End PBXProject section */

/* Begin PBXResourcesBuildPhase section */
		4B2AB4DC1FF46FF70054A00C /* Resources */ = {
			isa = PBXResourcesBuildPhase;
			buildActionMask = 2147483647;
			files = (
				4B2AB4EC1FF46FF70054A00C /* LaunchScreen.storyboard in Resources */,
				4B2AB4E91FF46FF70054A00C /* Assets.xcassets in Resources */,
				4B2AB4E71FF46FF70054A00C /* Main.storyboard in Resources */,
			);
			runOnlyForDeploymentPostprocessing = 0;
		};
		4B2AB4F01FF46FF70054A00C /* Resources */ = {
			isa = PBXResourcesBuildPhase;
			buildActionMask = 2147483647;
			files = (
			);
			runOnlyForDeploymentPostprocessing = 0;
		};
		4B2AB4FB1FF46FF70054A00C /* Resources */ = {
			isa = PBXResourcesBuildPhase;
			buildActionMask = 2147483647;
			files = (
			);
			runOnlyForDeploymentPostprocessing = 0;
		};
/* End PBXResourcesBuildPhase section */

/* Begin PBXSourcesBuildPhase section */
		4B2AB4DA1FF46FF70054A00C /* Sources */ = {
			isa = PBXSourcesBuildPhase;
			buildActionMask = 2147483647;
			files = (
				4B2AB4E41FF46FF70054A00C /* ViewController.swift in Sources */,
				4B2AB4E21FF46FF70054A00C /* AppDelegate.swift in Sources */,
			);
			runOnlyForDeploymentPostprocessing = 0;
		};
		4B2AB4EE1FF46FF70054A00C /* Sources */ = {
			isa = PBXSourcesBuildPhase;
			buildActionMask = 2147483647;
			files = (
				4B2AB4F71FF46FF70054A00C /* TipCalTests.swift in Sources */,
			);
			runOnlyForDeploymentPostprocessing = 0;
		};
		4B2AB4F91FF46FF70054A00C /* Sources */ = {
			isa = PBXSourcesBuildPhase;
			buildActionMask = 2147483647;
			files = (
				4B2AB5021FF46FF70054A00C /* TipCalUITests.swift in Sources */,
			);
			runOnlyForDeploymentPostprocessing = 0;
		};
/* End PBXSourcesBuildPhase section */

/* Begin PBXTargetDependency section */
		4B2AB4F41FF46FF70054A00C /* PBXTargetDependency */ = {
			isa = PBXTargetDependency;
			target = 4B2AB4DD1FF46FF70054A00C /* TipCal */;
			targetProxy = 4B2AB4F31FF46FF70054A00C /* PBXContainerItemProxy */;
		};
		4B2AB4FF1FF46FF70054A00C /* PBXTargetDependency */ = {
			isa = PBXTargetDependency;
			target = 4B2AB4DD1FF46FF70054A00C /* TipCal */;
			targetProxy = 4B2AB4FE1FF46FF70054A00C /* PBXContainerItemProxy */;
		};
/* End PBXTargetDependency section */

/* Begin PBXVariantGroup section */
		4B2AB4E51FF46FF70054A00C /* Main.storyboard */ = {
			isa = PBXVariantGroup;
			children = (
				4B2AB4E61FF46FF70054A00C /* Base */,
			);
			name = Main.storyboard;
			sourceTree = "<group>";
		};
		4B2AB4EA1FF46FF70054A00C /* LaunchScreen.storyboard */ = {
			isa = PBXVariantGroup;
			children = (
				4B2AB4EB1FF46FF70054A00C /* Base */,
			);
			name = LaunchScreen.storyboard;
			sourceTree = "<group>";
		};
/* End PBXVariantGroup section */

/* Begin XCBuildConfiguration section */
		4B2AB5041FF46FF70054A00C /* Debug */ = {
			isa = XCBuildConfiguration;
			buildSettings = {
				ALWAYS_SEARCH_USER_PATHS = NO;
				CLANG_ANALYZER_NONNULL = YES;
				CLANG_ANALYZER_NUMBER_OBJECT_CONVERSION = YES_AGGRESSIVE;
				CLANG_CXX_LANGUAGE_STANDARD = "gnu++14";
				CLANG_CXX_LIBRARY = "libc++";
				CLANG_ENABLE_MODULES = YES;
				CLANG_ENABLE_OBJC_ARC = YES;
				CLANG_WARN_BLOCK_CAPTURE_AUTORELEASING = YES;
				CLANG_WARN_BOOL_CONVERSION = YES;
				CLANG_WARN_COMMA = YES;
				CLANG_WARN_CONSTANT_CONVERSION = YES;
				CLANG_WARN_DIRECT_OBJC_ISA_USAGE = YES_ERROR;
				CLANG_WARN_DOCUMENTATION_COMMENTS = YES;
				CLANG_WARN_EMPTY_BODY = YES;
				CLANG_WARN_ENUM_CONVERSION = YES;
				CLANG_WARN_INFINITE_RECURSION = YES;
				CLANG_WARN_INT_CONVERSION = YES;
				CLANG_WARN_NON_LITERAL_NULL_CONVERSION = YES;
				CLANG_WARN_OBJC_LITERAL_CONVERSION = YES;
				CLANG_WARN_OBJC_ROOT_CLASS = YES_ERROR;
				CLANG_WARN_RANGE_LOOP_ANALYSIS = YES;
				CLANG_WARN_STRICT_PROTOTYPES = YES;
				CLANG_WARN_SUSPICIOUS_MOVE = YES;
				CLANG_WARN_UNGUARDED_AVAILABILITY = YES_AGGRESSIVE;
				CLANG_WARN_UNREACHABLE_CODE = YES;
				CLANG_WARN__DUPLICATE_METHOD_MATCH = YES;
				CODE_SIGN_IDENTITY = "iPhone Developer";
				COPY_PHASE_STRIP = NO;
				DEBUG_INFORMATION_FORMAT = dwarf;
				ENABLE_STRICT_OBJC_MSGSEND = YES;
				ENABLE_TESTABILITY = YES;
				GCC_C_LANGUAGE_STANDARD = gnu11;
				GCC_DYNAMIC_NO_PIC = NO;
				GCC_NO_COMMON_BLOCKS = YES;
				GCC_OPTIMIZATION_LEVEL = 0;
				GCC_PREPROCESSOR_DEFINITIONS = (
					"DEBUG=1",
					"$(inherited)",
				);
				GCC_WARN_64_TO_32_BIT_CONVERSION = YES;
				GCC_WARN_ABOUT_RETURN_TYPE = YES_ERROR;
				GCC_WARN_UNDECLARED_SELECTOR = YES;
				GCC_WARN_UNINITIALIZED_AUTOS = YES_AGGRESSIVE;
				GCC_WARN_UNUSED_FUNCTION = YES;
				GCC_WARN_UNUSED_VARIABLE = YES;
				IPHONEOS_DEPLOYMENT_TARGET = 11.2;
				MTL_ENABLE_DEBUG_INFO = YES;
				ONLY_ACTIVE_ARCH = YES;
				SDKROOT = iphoneos;
				SWIFT_ACTIVE_COMPILATION_CONDITIONS = DEBUG;
				SWIFT_OPTIMIZATION_LEVEL = "-Onone";
			};
			name = Debug;
		};
		4B2AB5051FF46FF70054A00C /* Release */ = {
			isa = XCBuildConfiguration;
			buildSettings = {
				ALWAYS_SEARCH_USER_PATHS = NO;
				CLANG_ANALYZER_NONNULL = YES;
				CLANG_ANALYZER_NUMBER_OBJECT_CONVERSION = YES_AGGRESSIVE;
				CLANG_CXX_LANGUAGE_STANDARD = "gnu++14";
				CLANG_CXX_LIBRARY = "libc++";
				CLANG_ENABLE_MODULES = YES;
				CLANG_ENABLE_OBJC_ARC = YES;
				CLANG_WARN_BLOCK_CAPTURE_AUTORELEASING = YES;
				CLANG_WARN_BOOL_CONVERSION = YES;
				CLANG_WARN_COMMA = YES;
				CLANG_WARN_CONSTANT_CONVERSION = YES;
				CLANG_WARN_DIRECT_OBJC_ISA_USAGE = YES_ERROR;
				CLANG_WARN_DOCUMENTATION_COMMENTS = YES;
				CLANG_WARN_EMPTY_BODY = YES;
				CLANG_WARN_ENUM_CONVERSION = YES;
				CLANG_WARN_INFINITE_RECURSION = YES;
				CLANG_WARN_INT_CONVERSION = YES;
				CLANG_WARN_NON_LITERAL_NULL_CONVERSION = YES;
				CLANG_WARN_OBJC_LITERAL_CONVERSION = YES;
				CLANG_WARN_OBJC_ROOT_CLASS = YES_ERROR;
				CLANG_WARN_RANGE_LOOP_ANALYSIS = YES;
				CLANG_WARN_STRICT_PROTOTYPES = YES;
				CLANG_WARN_SUSPICIOUS_MOVE = YES;
				CLANG_WARN_UNGUARDED_AVAILABILITY = YES_AGGRESSIVE;
				CLANG_WARN_UNREACHABLE_CODE = YES;
				CLANG_WARN__DUPLICATE_METHOD_MATCH = YES;
				CODE_SIGN_IDENTITY = "iPhone Developer";
				COPY_PHASE_STRIP = NO;
				DEBUG_INFORMATION_FORMAT = "dwarf-with-dsym";
				ENABLE_NS_ASSERTIONS = NO;
				ENABLE_STRICT_OBJC_MSGSEND = YES;
				GCC_C_LANGUAGE_STANDARD = gnu11;
				GCC_NO_COMMON_BLOCKS = YES;
				GCC_WARN_64_TO_32_BIT_CONVERSION = YES;
				GCC_WARN_ABOUT_RETURN_TYPE = YES_ERROR;
				GCC_WARN_UNDECLARED_SELECTOR = YES;
				GCC_WARN_UNINITIALIZED_AUTOS = YES_AGGRESSIVE;
				GCC_WARN_UNUSED_FUNCTION = YES;
				GCC_WARN_UNUSED_VARIABLE = YES;
				IPHONEOS_DEPLOYMENT_TARGET = 11.2;
				MTL_ENABLE_DEBUG_INFO = NO;
				SDKROOT = iphoneos;
				SWIFT_OPTIMIZATION_LEVEL = "-Owholemodule";
				VALIDATE_PRODUCT = YES;
			};
			name = Release;
		};
		4B2AB5071FF46FF70054A00C /* Debug */ = {
			isa = XCBuildConfiguration;
			buildSettings = {
				ASSETCATALOG_COMPILER_APPICON_NAME = AppIcon;
				CODE_SIGN_STYLE = Automatic;
				INFOPLIST_FILE = TipCal/Info.plist;
				LD_RUNPATH_SEARCH_PATHS = "$(inherited) @executable_path/Frameworks";
				PRODUCT_BUNDLE_IDENTIFIER = com.codepath.TipCal;
				PRODUCT_NAME = "$(TARGET_NAME)";
				SWIFT_VERSION = 4.0;
				TARGETED_DEVICE_FAMILY = "1,2";
			};
			name = Debug;
		};
		4B2AB5081FF46FF70054A00C /* Release */ = {
			isa = XCBuildConfiguration;
			buildSettings = {
				ASSETCATALOG_COMPILER_APPICON_NAME = AppIcon;
				CODE_SIGN_STYLE = Automatic;
				INFOPLIST_FILE = TipCal/Info.plist;
				LD_RUNPATH_SEARCH_PATHS = "$(inherited) @executable_path/Frameworks";
				PRODUCT_BUNDLE_IDENTIFIER = com.codepath.TipCal;
				PRODUCT_NAME = "$(TARGET_NAME)";
				SWIFT_VERSION = 4.0;
				TARGETED_DEVICE_FAMILY = "1,2";
			};
			name = Release;
		};
		4B2AB50A1FF46FF70054A00C /* Debug */ = {
			isa = XCBuildConfiguration;
			buildSettings = {
				ALWAYS_EMBED_SWIFT_STANDARD_LIBRARIES = YES;
				BUNDLE_LOADER = "$(TEST_HOST)";
				CODE_SIGN_STYLE = Automatic;
				INFOPLIST_FILE = TipCalTests/Info.plist;
				LD_RUNPATH_SEARCH_PATHS = "$(inherited) @executable_path/Frameworks @loader_path/Frameworks";
				PRODUCT_BUNDLE_IDENTIFIER = com.codepath.TipCalTests;
				PRODUCT_NAME = "$(TARGET_NAME)";
				SWIFT_VERSION = 4.0;
				TARGETED_DEVICE_FAMILY = "1,2";
				TEST_HOST = "$(BUILT_PRODUCTS_DIR)/TipCal.app/TipCal";
			};
			name = Debug;
		};
		4B2AB50B1FF46FF70054A00C /* Release */ = {
			isa = XCBuildConfiguration;
			buildSettings = {
				ALWAYS_EMBED_SWIFT_STANDARD_LIBRARIES = YES;
				BUNDLE_LOADER = "$(TEST_HOST)";
				CODE_SIGN_STYLE = Automatic;
				INFOPLIST_FILE = TipCalTests/Info.plist;
				LD_RUNPATH_SEARCH_PATHS = "$(inherited) @executable_path/Frameworks @loader_path/Frameworks";
				PRODUCT_BUNDLE_IDENTIFIER = com.codepath.TipCalTests;
				PRODUCT_NAME = "$(TARGET_NAME)";
				SWIFT_VERSION = 4.0;
				TARGETED_DEVICE_FAMILY = "1,2";
				TEST_HOST = "$(BUILT_PRODUCTS_DIR)/TipCal.app/TipCal";
			};
			name = Release;
		};
		4B2AB50D1FF46FF70054A00C /* Debug */ = {
			isa = XCBuildConfiguration;
			buildSettings = {
				ALWAYS_EMBED_SWIFT_STANDARD_LIBRARIES = YES;
				CODE_SIGN_STYLE = Automatic;
				INFOPLIST_FILE = TipCalUITests/Info.plist;
				LD_RUNPATH_SEARCH_PATHS = "$(inherited) @executable_path/Frameworks @loader_path/Frameworks";
				PRODUCT_BUNDLE_IDENTIFIER = com.codepath.TipCalUITests;
				PRODUCT_NAME = "$(TARGET_NAME)";
				SWIFT_VERSION = 4.0;
				TARGETED_DEVICE_FAMILY = "1,2";
				TEST_TARGET_NAME = TipCal;
			};
			name = Debug;
		};
		4B2AB50E1FF46FF70054A00C /* Release */ = {
			isa = XCBuildConfiguration;
			buildSettings = {
				ALWAYS_EMBED_SWIFT_STANDARD_LIBRARIES = YES;
				CODE_SIGN_STYLE = Automatic;
				INFOPLIST_FILE = TipCalUITests/Info.plist;
				LD_RUNPATH_SEARCH_PATHS = "$(inherited) @executable_path/Frameworks @loader_path/Frameworks";
				PRODUCT_BUNDLE_IDENTIFIER = com.codepath.TipCalUITests;
				PRODUCT_NAME = "$(TARGET_NAME)";
				SWIFT_VERSION = 4.0;
				TARGETED_DEVICE_FAMILY = "1,2";
				TEST_TARGET_NAME = TipCal;
			};
			name = Release;
		};
/* End XCBuildConfiguration section */

/* Begin XCConfigurationList section */
		4B2AB4D91FF46FF70054A00C /* Build configuration list for PBXProject "TipCal" */ = {
			isa = XCConfigurationList;
			buildConfigurations = (
				4B2AB5041FF46FF70054A00C /* Debug */,
				4B2AB5051FF46FF70054A00C /* Release */,
			);
			defaultConfigurationIsVisible = 0;
			defaultConfigurationName = Release;
		};
		4B2AB5061FF46FF70054A00C /* Build configuration list for PBXNativeTarget "TipCal" */ = {
			isa = XCConfigurationList;
			buildConfigurations = (
				4B2AB5071FF46FF70054A00C /* Debug */,
				4B2AB5081FF46FF70054A00C /* Release */,
			);
			defaultConfigurationIsVisible = 0;
			defaultConfigurationName = Release;
		};
		4B2AB5091FF46FF70054A00C /* Build configuration list for PBXNativeTarget "TipCalTests" */ = {
			isa = XCConfigurationList;
			buildConfigurations = (
				4B2AB50A1FF46FF70054A00C /* Debug */,
				4B2AB50B1FF46FF70054A00C /* Release */,
			);
			defaultConfigurationIsVisible = 0;
			defaultConfigurationName = Release;
		};
		4B2AB50C1FF46FF70054A00C /* Build configuration list for PBXNativeTarget "TipCalUITests" */ = {
			isa = XCConfigurationList;
			buildConfigurations = (
				4B2AB50D1FF46FF70054A00C /* Debug */,
				4B2AB50E1FF46FF70054A00C /* Release */,
			);
			defaultConfigurationIsVisible = 0;
			defaultConfigurationName = Release;
		};
/* End XCConfigurationList section */
	};
	rootObject = 4B2AB4D61FF46FF70054A00C /* Project object */;
}
